
Microsoft Visual Studio Solution File, Format Version 12.00
# Visual Studio Version 17
VisualStudioVersion = 17.14.36301.6 d17.14
MinimumVisualStudioVersion = 10.0.40219.1
Project("{FAE04EC0-301F-11D3-BF4B-00C04F79EFBC}") = "WebApplication10", "WebApplication10\WebApplication10.csproj", "{9A54BC7C-E85A-412D-8AA4-9F0CF1D60D2E}"
EndProject
Global
	GlobalSection(SolutionConfigurationPlatforms) = preSolution
		Debug|Any CPU = Debug|Any CPU
		Release|Any CPU = Release|Any CPU
	EndGlobalSection
	GlobalSection(ProjectConfigurationPlatforms) = postSolution
		{9A54BC7C-E85A-412D-8AA4-9F0CF1D60D2E}.Debug|Any CPU.ActiveCfg = Debug|Any CPU
		{9A54BC7C-E85A-412D-8AA4-9F0CF1D60D2E}.Debug|Any CPU.Build.0 = Debug|Any CPU
		{9A54BC7C-E85A-412D-8AA4-9F0CF1D60D2E}.Release|Any CPU.ActiveCfg = Release|Any CPU
		{9A54BC7C-E85A-412D-8AA4-9F0CF1D60D2E}.Release|Any CPU.Build.0 = Release|Any CPU
	EndGlobalSection
	GlobalSection(SolutionProperties) = preSolution
		HideSolutionNode = FALSE
	EndGlobalSection
	GlobalSection(ExtensibilityGlobals) = postSolution
		SolutionGuid = {7BE9C832-4BB1-4636-935E-43B1FC4C65C3}
	EndGlobalSection
EndGlobal
